// !$*UTF8*$!
{
	archiveVersion = 1;
	classes = {
	};
	objectVersion = 46;
	objects = {

/* Begin PBXBuildFile section */
		0A56A0511D07E031004BBA7E /* GoogleService-Info.plist in Resources */ = {isa = PBXBuildFile; fileRef = 0A56A0501D07E031004BBA7E /* GoogleService-Info.plist */; };
		0A56A0521D07E275004BBA7E /* GoogleService-Info.plist in Resources */ = {isa = PBXBuildFile; fileRef = 0A56A0501D07E031004BBA7E /* GoogleService-Info.plist */; };
		0A5AE27A1D08D35E001A23BC /* BeastWorkout.m in Sources */ = {isa = PBXBuildFile; fileRef = 0A5AE2791D08D35E001A23BC /* BeastWorkout.m */; };
		0A5AE27D1D1B9088001A23BC /* FirebaseRefs.m in Sources */ = {isa = PBXBuildFile; fileRef = 0A5AE27C1D1B9088001A23BC /* FirebaseRefs.m */; };
		0A8219991CDABC1500F34441 /* AudioToolbox.framework in Frameworks */ = {isa = PBXBuildFile; fileRef = 0A8219981CDABC1500F34441 /* AudioToolbox.framework */; };
		0A880BDF1D1FD6CB00155296 /* ImageViewController.m in Sources */ = {isa = PBXBuildFile; fileRef = 0A880BDE1D1FD6CB00155296 /* ImageViewController.m */; };
		0A880BE61D1FD6EA00155296 /* UIImage+Crop.m in Sources */ = {isa = PBXBuildFile; fileRef = 0A880BE11D1FD6EA00155296 /* UIImage+Crop.m */; };
		0A880BE71D1FD6EA00155296 /* UIImage+Resize.m in Sources */ = {isa = PBXBuildFile; fileRef = 0A880BE31D1FD6EA00155296 /* UIImage+Resize.m */; };
		0A880BE81D1FD6EA00155296 /* ViewUtils.m in Sources */ = {isa = PBXBuildFile; fileRef = 0A880BE51D1FD6EA00155296 /* ViewUtils.m */; };
		0A880BED1D20DFC400155296 /* AVFoundation.framework in Frameworks */ = {isa = PBXBuildFile; fileRef = 0A880BEC1D20DFC400155296 /* AVFoundation.framework */; };
		0A880BEF1D20DFF100155296 /* Spotify.framework in Frameworks */ = {isa = PBXBuildFile; fileRef = 0A880BEE1D20DFF100155296 /* Spotify.framework */; };
		0A880BF11D20F87300155296 /* SystemConfiguration.framework in Frameworks */ = {isa = PBXBuildFile; fileRef = 0A880BF01D20F87300155296 /* SystemConfiguration.framework */; };
		0A880BF71D24E3EE00155296 /* SlideLeftSegue.m in Sources */ = {isa = PBXBuildFile; fileRef = 0A880BF61D24E3EE00155296 /* SlideLeftSegue.m */; };
		0A880BFB1D24E4E600155296 /* SlideRightSegue.m in Sources */ = {isa = PBXBuildFile; fileRef = 0A880BFA1D24E4E600155296 /* SlideRightSegue.m */; };
		0A880BFF1D24ED6000155296 /* BeastColors.m in Sources */ = {isa = PBXBuildFile; fileRef = 0A880BFE1D24ED6000155296 /* BeastColors.m */; };
		0A880C021D28C90100155296 /* GymViewController.m in Sources */ = {isa = PBXBuildFile; fileRef = 0A880C011D28C90100155296 /* GymViewController.m */; };
		0A8E06971D1D2EC700AAFAC7 /* MirrorViewController.m in Sources */ = {isa = PBXBuildFile; fileRef = 0A8E06961D1D2EC700AAFAC7 /* MirrorViewController.m */; };
		0A8E069B1D1D8C0900AAFAC7 /* QuartzCore.framework in Frameworks */ = {isa = PBXBuildFile; fileRef = 0A8E069A1D1D8C0900AAFAC7 /* QuartzCore.framework */; };
		0AA1B6F01CB6D83D00A594E1 /* main.m in Sources */ = {isa = PBXBuildFile; fileRef = 0AA1B6EF1CB6D83D00A594E1 /* main.m */; };
		0AA1B6F31CB6D83D00A594E1 /* AppDelegate.m in Sources */ = {isa = PBXBuildFile; fileRef = 0AA1B6F21CB6D83D00A594E1 /* AppDelegate.m */; };
		0AA1B6F91CB6D83D00A594E1 /* Main.storyboard in Resources */ = {isa = PBXBuildFile; fileRef = 0AA1B6F71CB6D83D00A594E1 /* Main.storyboard */; };
		0AA1B6FB1CB6D83D00A594E1 /* Images.xcassets in Resources */ = {isa = PBXBuildFile; fileRef = 0AA1B6FA1CB6D83D00A594E1 /* Images.xcassets */; };
		0AA1B6FE1CB6D83D00A594E1 /* LaunchScreen.xib in Resources */ = {isa = PBXBuildFile; fileRef = 0AA1B6FC1CB6D83D00A594E1 /* LaunchScreen.xib */; };
		0AA1B70A1CB6D83D00A594E1 /* BeastTests.m in Sources */ = {isa = PBXBuildFile; fileRef = 0AA1B7091CB6D83D00A594E1 /* BeastTests.m */; };
		0AB420B81CD4AD7D008B66BD /* WorkoutVideoViewController.m in Sources */ = {isa = PBXBuildFile; fileRef = 0AB420B71CD4AD7D008B66BD /* WorkoutVideoViewController.m */; };
		0ADA768D1CCB27A100E39F39 /* BeastViewController.m in Sources */ = {isa = PBXBuildFile; fileRef = 0ADA768C1CCB27A100E39F39 /* BeastViewController.m */; };
		0ADA76901CCB2BEA00E39F39 /* BeastCell.m in Sources */ = {isa = PBXBuildFile; fileRef = 0ADA768F1CCB2BEA00E39F39 /* BeastCell.m */; };
		0AEED6051CD58C86003DCDE7 /* Lato-Light.ttf in Resources */ = {isa = PBXBuildFile; fileRef = 0AEED6021CD58C86003DCDE7 /* Lato-Light.ttf */; };
		0AEED6061CD58C86003DCDE7 /* Lato-Regular.ttf in Resources */ = {isa = PBXBuildFile; fileRef = 0AEED6031CD58C86003DCDE7 /* Lato-Regular.ttf */; };
		0AEED6071CD58C86003DCDE7 /* MyriadPro-BoldIt.otf in Resources */ = {isa = PBXBuildFile; fileRef = 0AEED6041CD58C86003DCDE7 /* MyriadPro-BoldIt.otf */; };
		7647D8F4B415488C264A1054 /* libPods-BeastTests.a in Frameworks */ = {isa = PBXBuildFile; fileRef = 3082BE7E8B8CE5F9BC08CF99 /* libPods-BeastTests.a */; };
		DB0E5080B17C697F7FC32A9F /* Pods_Beast.framework in Frameworks */ = {isa = PBXBuildFile; fileRef = 21419A6830616D952731A38B /* Pods_Beast.framework */; };
		F01B022F1E35A18200C0EC73 /* SignUpViewController.m in Sources */ = {isa = PBXBuildFile; fileRef = F01B022E1E35A18200C0EC73 /* SignUpViewController.m */; };
		F03734361E36BFFF00BFA1E7 /* WelcomeViewController.m in Sources */ = {isa = PBXBuildFile; fileRef = F03734351E36BFFF00BFA1E7 /* WelcomeViewController.m */; };
		F03734391E36C6DC00BFA1E7 /* SignInViewController.m in Sources */ = {isa = PBXBuildFile; fileRef = F03734381E36C6DC00BFA1E7 /* SignInViewController.m */; };
		F09709C61E30316A0036BFE8 /* AvatarCell.m in Sources */ = {isa = PBXBuildFile; fileRef = F09709C51E30316A0036BFE8 /* AvatarCell.m */; };
/* End PBXBuildFile section */

/* Begin PBXContainerItemProxy section */
		0AA1B7041CB6D83D00A594E1 /* PBXContainerItemProxy */ = {
			isa = PBXContainerItemProxy;
			containerPortal = 0AA1B6E21CB6D83C00A594E1 /* Project object */;
			proxyType = 1;
			remoteGlobalIDString = 0AA1B6E91CB6D83D00A594E1;
			remoteInfo = Beast;
		};
/* End PBXContainerItemProxy section */

/* Begin PBXFileReference section */
		0A56A0501D07E031004BBA7E /* GoogleService-Info.plist */ = {isa = PBXFileReference; fileEncoding = 4; lastKnownFileType = text.plist.xml; path = "GoogleService-Info.plist"; sourceTree = "<group>"; };
		0A5AE2781D08D35E001A23BC /* BeastWorkout.h */ = {isa = PBXFileReference; fileEncoding = 4; lastKnownFileType = sourcecode.c.h; path = BeastWorkout.h; sourceTree = "<group>"; };
		0A5AE2791D08D35E001A23BC /* BeastWorkout.m */ = {isa = PBXFileReference; fileEncoding = 4; lastKnownFileType = sourcecode.c.objc; path = BeastWorkout.m; sourceTree = "<group>"; };
		0A5AE27B1D1B9088001A23BC /* FirebaseRefs.h */ = {isa = PBXFileReference; fileEncoding = 4; lastKnownFileType = sourcecode.c.h; path = FirebaseRefs.h; sourceTree = "<group>"; };
		0A5AE27C1D1B9088001A23BC /* FirebaseRefs.m */ = {isa = PBXFileReference; fileEncoding = 4; lastKnownFileType = sourcecode.c.objc; path = FirebaseRefs.m; sourceTree = "<group>"; };
		0A8219981CDABC1500F34441 /* AudioToolbox.framework */ = {isa = PBXFileReference; lastKnownFileType = wrapper.framework; name = AudioToolbox.framework; path = System/Library/Frameworks/AudioToolbox.framework; sourceTree = SDKROOT; };
		0A880BDD1D1FD6CB00155296 /* ImageViewController.h */ = {isa = PBXFileReference; fileEncoding = 4; lastKnownFileType = sourcecode.c.h; path = ImageViewController.h; sourceTree = "<group>"; };
		0A880BDE1D1FD6CB00155296 /* ImageViewController.m */ = {isa = PBXFileReference; fileEncoding = 4; lastKnownFileType = sourcecode.c.objc; path = ImageViewController.m; sourceTree = "<group>"; };
		0A880BE01D1FD6EA00155296 /* UIImage+Crop.h */ = {isa = PBXFileReference; fileEncoding = 4; lastKnownFileType = sourcecode.c.h; path = "UIImage+Crop.h"; sourceTree = "<group>"; };
		0A880BE11D1FD6EA00155296 /* UIImage+Crop.m */ = {isa = PBXFileReference; fileEncoding = 4; lastKnownFileType = sourcecode.c.objc; path = "UIImage+Crop.m"; sourceTree = "<group>"; };
		0A880BE21D1FD6EA00155296 /* UIImage+Resize.h */ = {isa = PBXFileReference; fileEncoding = 4; lastKnownFileType = sourcecode.c.h; path = "UIImage+Resize.h"; sourceTree = "<group>"; };
		0A880BE31D1FD6EA00155296 /* UIImage+Resize.m */ = {isa = PBXFileReference; fileEncoding = 4; lastKnownFileType = sourcecode.c.objc; path = "UIImage+Resize.m"; sourceTree = "<group>"; };
		0A880BE41D1FD6EA00155296 /* ViewUtils.h */ = {isa = PBXFileReference; fileEncoding = 4; lastKnownFileType = sourcecode.c.h; path = ViewUtils.h; sourceTree = "<group>"; };
		0A880BE51D1FD6EA00155296 /* ViewUtils.m */ = {isa = PBXFileReference; fileEncoding = 4; lastKnownFileType = sourcecode.c.objc; path = ViewUtils.m; sourceTree = "<group>"; };
		0A880BEC1D20DFC400155296 /* AVFoundation.framework */ = {isa = PBXFileReference; lastKnownFileType = wrapper.framework; name = AVFoundation.framework; path = System/Library/Frameworks/AVFoundation.framework; sourceTree = SDKROOT; };
		0A880BEE1D20DFF100155296 /* Spotify.framework */ = {isa = PBXFileReference; lastKnownFileType = wrapper.framework; path = Spotify.framework; sourceTree = "<group>"; };
		0A880BF01D20F87300155296 /* SystemConfiguration.framework */ = {isa = PBXFileReference; lastKnownFileType = wrapper.framework; name = SystemConfiguration.framework; path = System/Library/Frameworks/SystemConfiguration.framework; sourceTree = SDKROOT; };
		0A880BF51D24E3EE00155296 /* SlideLeftSegue.h */ = {isa = PBXFileReference; fileEncoding = 4; lastKnownFileType = sourcecode.c.h; path = SlideLeftSegue.h; sourceTree = "<group>"; };
		0A880BF61D24E3EE00155296 /* SlideLeftSegue.m */ = {isa = PBXFileReference; fileEncoding = 4; lastKnownFileType = sourcecode.c.objc; path = SlideLeftSegue.m; sourceTree = "<group>"; };
		0A880BF91D24E4E600155296 /* SlideRightSegue.h */ = {isa = PBXFileReference; fileEncoding = 4; lastKnownFileType = sourcecode.c.h; path = SlideRightSegue.h; sourceTree = "<group>"; };
		0A880BFA1D24E4E600155296 /* SlideRightSegue.m */ = {isa = PBXFileReference; fileEncoding = 4; lastKnownFileType = sourcecode.c.objc; path = SlideRightSegue.m; sourceTree = "<group>"; };
		0A880BFD1D24ED6000155296 /* BeastColors.h */ = {isa = PBXFileReference; fileEncoding = 4; lastKnownFileType = sourcecode.c.h; path = BeastColors.h; sourceTree = "<group>"; };
		0A880BFE1D24ED6000155296 /* BeastColors.m */ = {isa = PBXFileReference; fileEncoding = 4; lastKnownFileType = sourcecode.c.objc; path = BeastColors.m; sourceTree = "<group>"; };
		0A880C001D28C90100155296 /* GymViewController.h */ = {isa = PBXFileReference; fileEncoding = 4; lastKnownFileType = sourcecode.c.h; path = GymViewController.h; sourceTree = "<group>"; };
		0A880C011D28C90100155296 /* GymViewController.m */ = {isa = PBXFileReference; fileEncoding = 4; lastKnownFileType = sourcecode.c.objc; path = GymViewController.m; sourceTree = "<group>"; };
		0A8E06951D1D2EC700AAFAC7 /* MirrorViewController.h */ = {isa = PBXFileReference; fileEncoding = 4; lastKnownFileType = sourcecode.c.h; path = MirrorViewController.h; sourceTree = "<group>"; };
		0A8E06961D1D2EC700AAFAC7 /* MirrorViewController.m */ = {isa = PBXFileReference; fileEncoding = 4; lastKnownFileType = sourcecode.c.objc; path = MirrorViewController.m; sourceTree = "<group>"; };
		0A8E069A1D1D8C0900AAFAC7 /* QuartzCore.framework */ = {isa = PBXFileReference; lastKnownFileType = wrapper.framework; name = QuartzCore.framework; path = System/Library/Frameworks/QuartzCore.framework; sourceTree = SDKROOT; };
		0AA1B6EA1CB6D83D00A594E1 /* Beast.app */ = {isa = PBXFileReference; explicitFileType = wrapper.application; includeInIndex = 0; path = Beast.app; sourceTree = BUILT_PRODUCTS_DIR; };
		0AA1B6EE1CB6D83D00A594E1 /* Info.plist */ = {isa = PBXFileReference; lastKnownFileType = text.plist.xml; path = Info.plist; sourceTree = "<group>"; };
		0AA1B6EF1CB6D83D00A594E1 /* main.m */ = {isa = PBXFileReference; lastKnownFileType = sourcecode.c.objc; path = main.m; sourceTree = "<group>"; };
		0AA1B6F11CB6D83D00A594E1 /* AppDelegate.h */ = {isa = PBXFileReference; lastKnownFileType = sourcecode.c.h; path = AppDelegate.h; sourceTree = "<group>"; };
		0AA1B6F21CB6D83D00A594E1 /* AppDelegate.m */ = {isa = PBXFileReference; lastKnownFileType = sourcecode.c.objc; path = AppDelegate.m; sourceTree = "<group>"; };
		0AA1B6F81CB6D83D00A594E1 /* Base */ = {isa = PBXFileReference; lastKnownFileType = file.storyboard; name = Base; path = Base.lproj/Main.storyboard; sourceTree = "<group>"; };
		0AA1B6FA1CB6D83D00A594E1 /* Images.xcassets */ = {isa = PBXFileReference; lastKnownFileType = folder.assetcatalog; path = Images.xcassets; sourceTree = "<group>"; };
		0AA1B6FD1CB6D83D00A594E1 /* Base */ = {isa = PBXFileReference; lastKnownFileType = file.xib; name = Base; path = Base.lproj/LaunchScreen.xib; sourceTree = "<group>"; };
		0AA1B7031CB6D83D00A594E1 /* BeastTests.xctest */ = {isa = PBXFileReference; explicitFileType = wrapper.cfbundle; includeInIndex = 0; path = BeastTests.xctest; sourceTree = BUILT_PRODUCTS_DIR; };
		0AA1B7081CB6D83D00A594E1 /* Info.plist */ = {isa = PBXFileReference; lastKnownFileType = text.plist.xml; path = Info.plist; sourceTree = "<group>"; };
		0AA1B7091CB6D83D00A594E1 /* BeastTests.m */ = {isa = PBXFileReference; lastKnownFileType = sourcecode.c.objc; path = BeastTests.m; sourceTree = "<group>"; };
		0AB420B61CD4AD7D008B66BD /* WorkoutVideoViewController.h */ = {isa = PBXFileReference; fileEncoding = 4; lastKnownFileType = sourcecode.c.h; path = WorkoutVideoViewController.h; sourceTree = "<group>"; };
		0AB420B71CD4AD7D008B66BD /* WorkoutVideoViewController.m */ = {isa = PBXFileReference; fileEncoding = 4; lastKnownFileType = sourcecode.c.objc; path = WorkoutVideoViewController.m; sourceTree = "<group>"; };
		0ADA768B1CCB27A100E39F39 /* BeastViewController.h */ = {isa = PBXFileReference; fileEncoding = 4; lastKnownFileType = sourcecode.c.h; path = BeastViewController.h; sourceTree = "<group>"; };
		0ADA768C1CCB27A100E39F39 /* BeastViewController.m */ = {isa = PBXFileReference; fileEncoding = 4; lastKnownFileType = sourcecode.c.objc; path = BeastViewController.m; sourceTree = "<group>"; };
		0ADA768E1CCB2BEA00E39F39 /* BeastCell.h */ = {isa = PBXFileReference; fileEncoding = 4; lastKnownFileType = sourcecode.c.h; path = BeastCell.h; sourceTree = "<group>"; };
		0ADA768F1CCB2BEA00E39F39 /* BeastCell.m */ = {isa = PBXFileReference; fileEncoding = 4; lastKnownFileType = sourcecode.c.objc; path = BeastCell.m; sourceTree = "<group>"; };
		0AEED6021CD58C86003DCDE7 /* Lato-Light.ttf */ = {isa = PBXFileReference; lastKnownFileType = file; path = "Lato-Light.ttf"; sourceTree = "<group>"; };
		0AEED6031CD58C86003DCDE7 /* Lato-Regular.ttf */ = {isa = PBXFileReference; lastKnownFileType = file; path = "Lato-Regular.ttf"; sourceTree = "<group>"; };
		0AEED6041CD58C86003DCDE7 /* MyriadPro-BoldIt.otf */ = {isa = PBXFileReference; lastKnownFileType = file; path = "MyriadPro-BoldIt.otf"; sourceTree = "<group>"; };
		1455833F491916DF93D2102D /* Pods-BeastTests.debug.xcconfig */ = {isa = PBXFileReference; includeInIndex = 1; lastKnownFileType = text.xcconfig; name = "Pods-BeastTests.debug.xcconfig"; path = "Pods/Target Support Files/Pods-BeastTests/Pods-BeastTests.debug.xcconfig"; sourceTree = "<group>"; };
		21419A6830616D952731A38B /* Pods_Beast.framework */ = {isa = PBXFileReference; explicitFileType = wrapper.framework; includeInIndex = 0; path = Pods_Beast.framework; sourceTree = BUILT_PRODUCTS_DIR; };
		2ABAFE56B93B825A2E848E8A /* Pods.framework */ = {isa = PBXFileReference; explicitFileType = wrapper.framework; includeInIndex = 0; path = Pods.framework; sourceTree = BUILT_PRODUCTS_DIR; };
		3082BE7E8B8CE5F9BC08CF99 /* libPods-BeastTests.a */ = {isa = PBXFileReference; explicitFileType = archive.ar; includeInIndex = 0; path = "libPods-BeastTests.a"; sourceTree = BUILT_PRODUCTS_DIR; };
		3BF2BE9630EE44D2E6CC675F /* Pods-Beast.debug.xcconfig */ = {isa = PBXFileReference; includeInIndex = 1; lastKnownFileType = text.xcconfig; name = "Pods-Beast.debug.xcconfig"; path = "Pods/Target Support Files/Pods-Beast/Pods-Beast.debug.xcconfig"; sourceTree = "<group>"; };
		4A9718D382A97895E5DD3F32 /* Pods-BeastTests.release.xcconfig */ = {isa = PBXFileReference; includeInIndex = 1; lastKnownFileType = text.xcconfig; name = "Pods-BeastTests.release.xcconfig"; path = "Pods/Target Support Files/Pods-BeastTests/Pods-BeastTests.release.xcconfig"; sourceTree = "<group>"; };
		A6D2A6573F0E894B80CB1ADA /* Pods-Beast.release.xcconfig */ = {isa = PBXFileReference; includeInIndex = 1; lastKnownFileType = text.xcconfig; name = "Pods-Beast.release.xcconfig"; path = "Pods/Target Support Files/Pods-Beast/Pods-Beast.release.xcconfig"; sourceTree = "<group>"; };
		F01B022D1E35A18200C0EC73 /* SignUpViewController.h */ = {isa = PBXFileReference; fileEncoding = 4; lastKnownFileType = sourcecode.c.h; path = SignUpViewController.h; sourceTree = "<group>"; };
		F01B022E1E35A18200C0EC73 /* SignUpViewController.m */ = {isa = PBXFileReference; fileEncoding = 4; lastKnownFileType = sourcecode.c.objc; path = SignUpViewController.m; sourceTree = "<group>"; };
		F03734341E36BFFF00BFA1E7 /* WelcomeViewController.h */ = {isa = PBXFileReference; fileEncoding = 4; lastKnownFileType = sourcecode.c.h; path = WelcomeViewController.h; sourceTree = "<group>"; };
		F03734351E36BFFF00BFA1E7 /* WelcomeViewController.m */ = {isa = PBXFileReference; fileEncoding = 4; lastKnownFileType = sourcecode.c.objc; path = WelcomeViewController.m; sourceTree = "<group>"; };
		F03734371E36C6DC00BFA1E7 /* SignInViewController.h */ = {isa = PBXFileReference; fileEncoding = 4; lastKnownFileType = sourcecode.c.h; path = SignInViewController.h; sourceTree = "<group>"; };
		F03734381E36C6DC00BFA1E7 /* SignInViewController.m */ = {isa = PBXFileReference; fileEncoding = 4; lastKnownFileType = sourcecode.c.objc; path = SignInViewController.m; sourceTree = "<group>"; };
		F09709C41E30316A0036BFE8 /* AvatarCell.h */ = {isa = PBXFileReference; fileEncoding = 4; lastKnownFileType = sourcecode.c.h; path = AvatarCell.h; sourceTree = "<group>"; };
		F09709C51E30316A0036BFE8 /* AvatarCell.m */ = {isa = PBXFileReference; fileEncoding = 4; lastKnownFileType = sourcecode.c.objc; path = AvatarCell.m; sourceTree = "<group>"; };
/* End PBXFileReference section */

/* Begin PBXFrameworksBuildPhase section */
		0AA1B6E71CB6D83D00A594E1 /* Frameworks */ = {
			isa = PBXFrameworksBuildPhase;
			buildActionMask = 2147483647;
			files = (
				0A880BF11D20F87300155296 /* SystemConfiguration.framework in Frameworks */,
				0A880BED1D20DFC400155296 /* AVFoundation.framework in Frameworks */,
				0A8E069B1D1D8C0900AAFAC7 /* QuartzCore.framework in Frameworks */,
				0A8219991CDABC1500F34441 /* AudioToolbox.framework in Frameworks */,
				0A880BEF1D20DFF100155296 /* Spotify.framework in Frameworks */,
				DB0E5080B17C697F7FC32A9F /* Pods_Beast.framework in Frameworks */,
			);
			runOnlyForDeploymentPostprocessing = 0;
		};
		0AA1B7001CB6D83D00A594E1 /* Frameworks */ = {
			isa = PBXFrameworksBuildPhase;
			buildActionMask = 2147483647;
			files = (
				7647D8F4B415488C264A1054 /* libPods-BeastTests.a in Frameworks */,
			);
			runOnlyForDeploymentPostprocessing = 0;
		};
/* End PBXFrameworksBuildPhase section */

/* Begin PBXGroup section */
		0A880BE91D1FD75500155296 /* CameraUtilities */ = {
			isa = PBXGroup;
			children = (
				0A880BDD1D1FD6CB00155296 /* ImageViewController.h */,
				0A880BDE1D1FD6CB00155296 /* ImageViewController.m */,
				0A880BE01D1FD6EA00155296 /* UIImage+Crop.h */,
				0A880BE11D1FD6EA00155296 /* UIImage+Crop.m */,
				0A880BE21D1FD6EA00155296 /* UIImage+Resize.h */,
				0A880BE31D1FD6EA00155296 /* UIImage+Resize.m */,
				0A880BE41D1FD6EA00155296 /* ViewUtils.h */,
				0A880BE51D1FD6EA00155296 /* ViewUtils.m */,
			);
			name = CameraUtilities;
			sourceTree = "<group>";
		};
		0A880BF81D24E3FB00155296 /* CustomSegues */ = {
			isa = PBXGroup;
			children = (
				0A880BF51D24E3EE00155296 /* SlideLeftSegue.h */,
				0A880BF61D24E3EE00155296 /* SlideLeftSegue.m */,
				0A880BF91D24E4E600155296 /* SlideRightSegue.h */,
				0A880BFA1D24E4E600155296 /* SlideRightSegue.m */,
			);
			name = CustomSegues;
			sourceTree = "<group>";
		};
		0A880BFC1D24ECAC00155296 /* CustomClasses */ = {
			isa = PBXGroup;
			children = (
				0A880BFD1D24ED6000155296 /* BeastColors.h */,
				0A880BFE1D24ED6000155296 /* BeastColors.m */,
				0A5AE2781D08D35E001A23BC /* BeastWorkout.h */,
				0A5AE2791D08D35E001A23BC /* BeastWorkout.m */,
				0ADA768E1CCB2BEA00E39F39 /* BeastCell.h */,
				0ADA768F1CCB2BEA00E39F39 /* BeastCell.m */,
				0A5AE27B1D1B9088001A23BC /* FirebaseRefs.h */,
				0A5AE27C1D1B9088001A23BC /* FirebaseRefs.m */,
			);
			name = CustomClasses;
			sourceTree = "<group>";
		};
		0AA1B6E11CB6D83C00A594E1 = {
			isa = PBXGroup;
			children = (
				0AA1B6EC1CB6D83D00A594E1 /* Beast */,
				0AA1B7061CB6D83D00A594E1 /* BeastTests */,
				0AA1B6EB1CB6D83D00A594E1 /* Products */,
				97872D4F93C9EB96765FD48E /* Frameworks */,
				1F34676A2C94801ABDEBF29B /* Pods */,
			);
			sourceTree = "<group>";
		};
		0AA1B6EB1CB6D83D00A594E1 /* Products */ = {
			isa = PBXGroup;
			children = (
				0AA1B6EA1CB6D83D00A594E1 /* Beast.app */,
				0AA1B7031CB6D83D00A594E1 /* BeastTests.xctest */,
			);
			name = Products;
			sourceTree = "<group>";
		};
		0AA1B6EC1CB6D83D00A594E1 /* Beast */ = {
			isa = PBXGroup;
			children = (
				0AEED6081CD58C8C003DCDE7 /* Resources */,
				0A880BFC1D24ECAC00155296 /* CustomClasses */,
				F03734331E36BFCF00BFA1E7 /* SignUp Flow */,
				0AA1B6F11CB6D83D00A594E1 /* AppDelegate.h */,
				0AA1B6F21CB6D83D00A594E1 /* AppDelegate.m */,
				0ADA768B1CCB27A100E39F39 /* BeastViewController.h */,
				0ADA768C1CCB27A100E39F39 /* BeastViewController.m */,
				0A8E06951D1D2EC700AAFAC7 /* MirrorViewController.h */,
				0A8E06961D1D2EC700AAFAC7 /* MirrorViewController.m */,
				0A880C001D28C90100155296 /* GymViewController.h */,
				0A880C011D28C90100155296 /* GymViewController.m */,
				0AA1B6F71CB6D83D00A594E1 /* Main.storyboard */,
				F09709C41E30316A0036BFE8 /* AvatarCell.h */,
				F09709C51E30316A0036BFE8 /* AvatarCell.m */,
				0AB420B61CD4AD7D008B66BD /* WorkoutVideoViewController.h */,
				0AB420B71CD4AD7D008B66BD /* WorkoutVideoViewController.m */,
				0A880BF81D24E3FB00155296 /* CustomSegues */,
				0A880BE91D1FD75500155296 /* CameraUtilities */,
				0AA1B6FA1CB6D83D00A594E1 /* Images.xcassets */,
				0AA1B6FC1CB6D83D00A594E1 /* LaunchScreen.xib */,
				0A880BEE1D20DFF100155296 /* Spotify.framework */,
				0AA1B6ED1CB6D83D00A594E1 /* Supporting Files */,
			);
			path = Beast;
			sourceTree = "<group>";
		};
		0AA1B6ED1CB6D83D00A594E1 /* Supporting Files */ = {
			isa = PBXGroup;
			children = (
				0A56A0501D07E031004BBA7E /* GoogleService-Info.plist */,
				0AA1B6EE1CB6D83D00A594E1 /* Info.plist */,
				0AA1B6EF1CB6D83D00A594E1 /* main.m */,
			);
			name = "Supporting Files";
			sourceTree = "<group>";
		};
		0AA1B7061CB6D83D00A594E1 /* BeastTests */ = {
			isa = PBXGroup;
			children = (
				0AA1B7091CB6D83D00A594E1 /* BeastTests.m */,
				0AA1B7071CB6D83D00A594E1 /* Supporting Files */,
			);
			path = BeastTests;
			sourceTree = "<group>";
		};
		0AA1B7071CB6D83D00A594E1 /* Supporting Files */ = {
			isa = PBXGroup;
			children = (
				0AA1B7081CB6D83D00A594E1 /* Info.plist */,
			);
			name = "Supporting Files";
			sourceTree = "<group>";
		};
		0AEED6081CD58C8C003DCDE7 /* Resources */ = {
			isa = PBXGroup;
			children = (
				0AEED6021CD58C86003DCDE7 /* Lato-Light.ttf */,
				0AEED6031CD58C86003DCDE7 /* Lato-Regular.ttf */,
				0AEED6041CD58C86003DCDE7 /* MyriadPro-BoldIt.otf */,
			);
			name = Resources;
			sourceTree = "<group>";
		};
		1F34676A2C94801ABDEBF29B /* Pods */ = {
			isa = PBXGroup;
			children = (
				3BF2BE9630EE44D2E6CC675F /* Pods-Beast.debug.xcconfig */,
				A6D2A6573F0E894B80CB1ADA /* Pods-Beast.release.xcconfig */,
				1455833F491916DF93D2102D /* Pods-BeastTests.debug.xcconfig */,
				4A9718D382A97895E5DD3F32 /* Pods-BeastTests.release.xcconfig */,
			);
			name = Pods;
			sourceTree = "<group>";
		};
		97872D4F93C9EB96765FD48E /* Frameworks */ = {
			isa = PBXGroup;
			children = (
				0A880BF01D20F87300155296 /* SystemConfiguration.framework */,
				0A880BEC1D20DFC400155296 /* AVFoundation.framework */,
				0A8E069A1D1D8C0900AAFAC7 /* QuartzCore.framework */,
				0A8219981CDABC1500F34441 /* AudioToolbox.framework */,
				2ABAFE56B93B825A2E848E8A /* Pods.framework */,
				21419A6830616D952731A38B /* Pods_Beast.framework */,
				3082BE7E8B8CE5F9BC08CF99 /* libPods-BeastTests.a */,
			);
			name = Frameworks;
			sourceTree = "<group>";
		};
		F03734331E36BFCF00BFA1E7 /* SignUp Flow */ = {
			isa = PBXGroup;
			children = (
				F03734341E36BFFF00BFA1E7 /* WelcomeViewController.h */,
				F03734351E36BFFF00BFA1E7 /* WelcomeViewController.m */,
				F01B022D1E35A18200C0EC73 /* SignUpViewController.h */,
				F01B022E1E35A18200C0EC73 /* SignUpViewController.m */,
				F03734371E36C6DC00BFA1E7 /* SignInViewController.h */,
				F03734381E36C6DC00BFA1E7 /* SignInViewController.m */,
			);
			name = "SignUp Flow";
			sourceTree = "<group>";
		};
/* End PBXGroup section */

/* Begin PBXNativeTarget section */
		0AA1B6E91CB6D83D00A594E1 /* Beast */ = {
			isa = PBXNativeTarget;
			buildConfigurationList = 0AA1B70D1CB6D83D00A594E1 /* Build configuration list for PBXNativeTarget "Beast" */;
			buildPhases = (
				0C44D98FEA5EDB75B1AC53ED /* [CP] Check Pods Manifest.lock */,
				0AA1B6E61CB6D83D00A594E1 /* Sources */,
				0AA1B6E71CB6D83D00A594E1 /* Frameworks */,
				0AA1B6E81CB6D83D00A594E1 /* Resources */,
				61F0197FF1997B09A0CFAFC2 /* [CP] Embed Pods Frameworks */,
				30E5AAE816C2E1FA0F56B1D6 /* [CP] Copy Pods Resources */,
			);
			buildRules = (
			);
			dependencies = (
			);
			name = Beast;
			productName = Beast;
			productReference = 0AA1B6EA1CB6D83D00A594E1 /* Beast.app */;
			productType = "com.apple.product-type.application";
		};
		0AA1B7021CB6D83D00A594E1 /* BeastTests */ = {
			isa = PBXNativeTarget;
			buildConfigurationList = 0AA1B7101CB6D83D00A594E1 /* Build configuration list for PBXNativeTarget "BeastTests" */;
			buildPhases = (
				0E91CA7C98E49415CB53E752 /* [CP] Check Pods Manifest.lock */,
				0AA1B6FF1CB6D83D00A594E1 /* Sources */,
				0AA1B7001CB6D83D00A594E1 /* Frameworks */,
				0AA1B7011CB6D83D00A594E1 /* Resources */,
				1466557F943E2A888EE729F4 /* [CP] Embed Pods Frameworks */,
				D1A44F55D067E815C211D4BD /* [CP] Copy Pods Resources */,
			);
			buildRules = (
			);
			dependencies = (
				0AA1B7051CB6D83D00A594E1 /* PBXTargetDependency */,
			);
			name = BeastTests;
			productName = BeastTests;
			productReference = 0AA1B7031CB6D83D00A594E1 /* BeastTests.xctest */;
			productType = "com.apple.product-type.bundle.unit-test";
		};
/* End PBXNativeTarget section */

/* Begin PBXProject section */
		0AA1B6E21CB6D83C00A594E1 /* Project object */ = {
			isa = PBXProject;
			attributes = {
				LastUpgradeCheck = 0730;
				ORGANIZATIONNAME = Beast;
				TargetAttributes = {
					0AA1B6E91CB6D83D00A594E1 = {
						CreatedOnToolsVersion = 6.4;
						DevelopmentTeam = RXF26HQWHT;
					};
					0AA1B7021CB6D83D00A594E1 = {
						CreatedOnToolsVersion = 6.4;
						TestTargetID = 0AA1B6E91CB6D83D00A594E1;
					};
				};
			};
			buildConfigurationList = 0AA1B6E51CB6D83C00A594E1 /* Build configuration list for PBXProject "Beast" */;
			compatibilityVersion = "Xcode 3.2";
			developmentRegion = English;
			hasScannedForEncodings = 0;
			knownRegions = (
				en,
				Base,
			);
			mainGroup = 0AA1B6E11CB6D83C00A594E1;
			productRefGroup = 0AA1B6EB1CB6D83D00A594E1 /* Products */;
			projectDirPath = "";
			projectRoot = "";
			targets = (
				0AA1B6E91CB6D83D00A594E1 /* Beast */,
				0AA1B7021CB6D83D00A594E1 /* BeastTests */,
			);
		};
/* End PBXProject section */

/* Begin PBXResourcesBuildPhase section */
		0AA1B6E81CB6D83D00A594E1 /* Resources */ = {
			isa = PBXResourcesBuildPhase;
			buildActionMask = 2147483647;
			files = (
				0AA1B6F91CB6D83D00A594E1 /* Main.storyboard in Resources */,
				0AA1B6FE1CB6D83D00A594E1 /* LaunchScreen.xib in Resources */,
				0AEED6061CD58C86003DCDE7 /* Lato-Regular.ttf in Resources */,
				0AEED6071CD58C86003DCDE7 /* MyriadPro-BoldIt.otf in Resources */,
				0AA1B6FB1CB6D83D00A594E1 /* Images.xcassets in Resources */,
				0AEED6051CD58C86003DCDE7 /* Lato-Light.ttf in Resources */,
				0A56A0511D07E031004BBA7E /* GoogleService-Info.plist in Resources */,
			);
			runOnlyForDeploymentPostprocessing = 0;
		};
		0AA1B7011CB6D83D00A594E1 /* Resources */ = {
			isa = PBXResourcesBuildPhase;
			buildActionMask = 2147483647;
			files = (
				0A56A0521D07E275004BBA7E /* GoogleService-Info.plist in Resources */,
			);
			runOnlyForDeploymentPostprocessing = 0;
		};
/* End PBXResourcesBuildPhase section */

/* Begin PBXShellScriptBuildPhase section */
		0C44D98FEA5EDB75B1AC53ED /* [CP] Check Pods Manifest.lock */ = {
			isa = PBXShellScriptBuildPhase;
			buildActionMask = 2147483647;
			files = (
			);
			inputPaths = (
			);
			name = "[CP] Check Pods Manifest.lock";
			outputPaths = (
			);
			runOnlyForDeploymentPostprocessing = 0;
			shellPath = /bin/sh;
			shellScript = "diff \"${PODS_ROOT}/../Podfile.lock\" \"${PODS_ROOT}/Manifest.lock\" > /dev/null\nif [ $? != 0 ] ; then\n    # print error to STDERR\n    echo \"error: The sandbox is not in sync with the Podfile.lock. Run 'pod install' or update your CocoaPods installation.\" >&2\n    exit 1\nfi\n";
			showEnvVarsInLog = 0;
		};
		0E91CA7C98E49415CB53E752 /* [CP] Check Pods Manifest.lock */ = {
			isa = PBXShellScriptBuildPhase;
			buildActionMask = 2147483647;
			files = (
			);
			inputPaths = (
			);
			name = "[CP] Check Pods Manifest.lock";
			outputPaths = (
			);
			runOnlyForDeploymentPostprocessing = 0;
			shellPath = /bin/sh;
			shellScript = "diff \"${PODS_ROOT}/../Podfile.lock\" \"${PODS_ROOT}/Manifest.lock\" > /dev/null\nif [ $? != 0 ] ; then\n    # print error to STDERR\n    echo \"error: The sandbox is not in sync with the Podfile.lock. Run 'pod install' or update your CocoaPods installation.\" >&2\n    exit 1\nfi\n";
			showEnvVarsInLog = 0;
		};
		1466557F943E2A888EE729F4 /* [CP] Embed Pods Frameworks */ = {
			isa = PBXShellScriptBuildPhase;
			buildActionMask = 2147483647;
			files = (
			);
			inputPaths = (
			);
			name = "[CP] Embed Pods Frameworks";
			outputPaths = (
			);
			runOnlyForDeploymentPostprocessing = 0;
			shellPath = /bin/sh;
			shellScript = "\"${SRCROOT}/Pods/Target Support Files/Pods-BeastTests/Pods-BeastTests-frameworks.sh\"\n";
			showEnvVarsInLog = 0;
		};
		30E5AAE816C2E1FA0F56B1D6 /* [CP] Copy Pods Resources */ = {
			isa = PBXShellScriptBuildPhase;
			buildActionMask = 2147483647;
			files = (
			);
			inputPaths = (
			);
			name = "[CP] Copy Pods Resources";
			outputPaths = (
			);
			runOnlyForDeploymentPostprocessing = 0;
			shellPath = /bin/sh;
			shellScript = "\"${SRCROOT}/Pods/Target Support Files/Pods-Beast/Pods-Beast-resources.sh\"\n";
			showEnvVarsInLog = 0;
		};
		61F0197FF1997B09A0CFAFC2 /* [CP] Embed Pods Frameworks */ = {
			isa = PBXShellScriptBuildPhase;
			buildActionMask = 2147483647;
			files = (
			);
			inputPaths = (
			);
			name = "[CP] Embed Pods Frameworks";
			outputPaths = (
			);
			runOnlyForDeploymentPostprocessing = 0;
			shellPath = /bin/sh;
			shellScript = "\"${SRCROOT}/Pods/Target Support Files/Pods-Beast/Pods-Beast-frameworks.sh\"\n";
			showEnvVarsInLog = 0;
		};
		D1A44F55D067E815C211D4BD /* [CP] Copy Pods Resources */ = {
			isa = PBXShellScriptBuildPhase;
			buildActionMask = 2147483647;
			files = (
			);
			inputPaths = (
			);
			name = "[CP] Copy Pods Resources";
			outputPaths = (
			);
			runOnlyForDeploymentPostprocessing = 0;
			shellPath = /bin/sh;
			shellScript = "\"${SRCROOT}/Pods/Target Support Files/Pods-BeastTests/Pods-BeastTests-resources.sh\"\n";
			showEnvVarsInLog = 0;
		};
/* End PBXShellScriptBuildPhase section */

/* Begin PBXSourcesBuildPhase section */
		0AA1B6E61CB6D83D00A594E1 /* Sources */ = {
			isa = PBXSourcesBuildPhase;
			buildActionMask = 2147483647;
			files = (
				F03734391E36C6DC00BFA1E7 /* SignInViewController.m in Sources */,
				0AA1B6F31CB6D83D00A594E1 /* AppDelegate.m in Sources */,
				0A5AE27D1D1B9088001A23BC /* FirebaseRefs.m in Sources */,
				0A880BFB1D24E4E600155296 /* SlideRightSegue.m in Sources */,
				F09709C61E30316A0036BFE8 /* AvatarCell.m in Sources */,
				F03734361E36BFFF00BFA1E7 /* WelcomeViewController.m in Sources */,
				0AB420B81CD4AD7D008B66BD /* WorkoutVideoViewController.m in Sources */,
				0A8E06971D1D2EC700AAFAC7 /* MirrorViewController.m in Sources */,
				0A5AE27A1D08D35E001A23BC /* BeastWorkout.m in Sources */,
				0ADA768D1CCB27A100E39F39 /* BeastViewController.m in Sources */,
				0A880BE81D1FD6EA00155296 /* ViewUtils.m in Sources */,
				0A880BDF1D1FD6CB00155296 /* ImageViewController.m in Sources */,
				0A880BE61D1FD6EA00155296 /* UIImage+Crop.m in Sources */,
				0A880C021D28C90100155296 /* GymViewController.m in Sources */,
				0A880BE71D1FD6EA00155296 /* UIImage+Resize.m in Sources */,
				0A880BF71D24E3EE00155296 /* SlideLeftSegue.m in Sources */,
				0A880BFF1D24ED6000155296 /* BeastColors.m in Sources */,
				0ADA76901CCB2BEA00E39F39 /* BeastCell.m in Sources */,
				F01B022F1E35A18200C0EC73 /* SignUpViewController.m in Sources */,
				0AA1B6F01CB6D83D00A594E1 /* main.m in Sources */,
			);
			runOnlyForDeploymentPostprocessing = 0;
		};
		0AA1B6FF1CB6D83D00A594E1 /* Sources */ = {
			isa = PBXSourcesBuildPhase;
			buildActionMask = 2147483647;
			files = (
				0AA1B70A1CB6D83D00A594E1 /* BeastTests.m in Sources */,
			);
			runOnlyForDeploymentPostprocessing = 0;
		};
/* End PBXSourcesBuildPhase section */

/* Begin PBXTargetDependency section */
		0AA1B7051CB6D83D00A594E1 /* PBXTargetDependency */ = {
			isa = PBXTargetDependency;
			target = 0AA1B6E91CB6D83D00A594E1 /* Beast */;
			targetProxy = 0AA1B7041CB6D83D00A594E1 /* PBXContainerItemProxy */;
		};
/* End PBXTargetDependency section */

/* Begin PBXVariantGroup section */
		0AA1B6F71CB6D83D00A594E1 /* Main.storyboard */ = {
			isa = PBXVariantGroup;
			children = (
				0AA1B6F81CB6D83D00A594E1 /* Base */,
			);
			name = Main.storyboard;
			sourceTree = "<group>";
		};
		0AA1B6FC1CB6D83D00A594E1 /* LaunchScreen.xib */ = {
			isa = PBXVariantGroup;
			children = (
				0AA1B6FD1CB6D83D00A594E1 /* Base */,
			);
			name = LaunchScreen.xib;
			sourceTree = "<group>";
		};
/* End PBXVariantGroup section */

/* Begin XCBuildConfiguration section */
		0AA1B70B1CB6D83D00A594E1 /* Debug */ = {
			isa = XCBuildConfiguration;
			buildSettings = {
				ALWAYS_SEARCH_USER_PATHS = NO;
				CLANG_CXX_LANGUAGE_STANDARD = "gnu++0x";
				CLANG_CXX_LIBRARY = "libc++";
				CLANG_ENABLE_MODULES = YES;
				CLANG_ENABLE_OBJC_ARC = YES;
				CLANG_WARN_BOOL_CONVERSION = YES;
				CLANG_WARN_CONSTANT_CONVERSION = YES;
				CLANG_WARN_DIRECT_OBJC_ISA_USAGE = YES_ERROR;
				CLANG_WARN_EMPTY_BODY = YES;
				CLANG_WARN_ENUM_CONVERSION = YES;
				CLANG_WARN_INT_CONVERSION = YES;
				CLANG_WARN_OBJC_ROOT_CLASS = YES_ERROR;
				CLANG_WARN_UNREACHABLE_CODE = YES;
				CLANG_WARN__DUPLICATE_METHOD_MATCH = YES;
				"CODE_SIGN_IDENTITY[sdk=iphoneos*]" = "iPhone Developer";
				COPY_PHASE_STRIP = NO;
				DEBUG_INFORMATION_FORMAT = "dwarf-with-dsym";
				ENABLE_STRICT_OBJC_MSGSEND = YES;
				ENABLE_TESTABILITY = YES;
				GCC_C_LANGUAGE_STANDARD = gnu99;
				GCC_DYNAMIC_NO_PIC = NO;
				GCC_NO_COMMON_BLOCKS = YES;
				GCC_OPTIMIZATION_LEVEL = 0;
				GCC_PREPROCESSOR_DEFINITIONS = (
					"DEBUG=1",
					"$(inherited)",
				);
				GCC_SYMBOLS_PRIVATE_EXTERN = NO;
				GCC_WARN_64_TO_32_BIT_CONVERSION = YES;
				GCC_WARN_ABOUT_RETURN_TYPE = YES_ERROR;
				GCC_WARN_UNDECLARED_SELECTOR = YES;
				GCC_WARN_UNINITIALIZED_AUTOS = YES_AGGRESSIVE;
				GCC_WARN_UNUSED_FUNCTION = YES;
				GCC_WARN_UNUSED_VARIABLE = YES;
				IPHONEOS_DEPLOYMENT_TARGET = 8.4;
				MTL_ENABLE_DEBUG_INFO = YES;
				ONLY_ACTIVE_ARCH = YES;
				SDKROOT = iphoneos;
			};
			name = Debug;
		};
		0AA1B70C1CB6D83D00A594E1 /* Release */ = {
			isa = XCBuildConfiguration;
			buildSettings = {
				ALWAYS_SEARCH_USER_PATHS = NO;
				CLANG_CXX_LANGUAGE_STANDARD = "gnu++0x";
				CLANG_CXX_LIBRARY = "libc++";
				CLANG_ENABLE_MODULES = YES;
				CLANG_ENABLE_OBJC_ARC = YES;
				CLANG_WARN_BOOL_CONVERSION = YES;
				CLANG_WARN_CONSTANT_CONVERSION = YES;
				CLANG_WARN_DIRECT_OBJC_ISA_USAGE = YES_ERROR;
				CLANG_WARN_EMPTY_BODY = YES;
				CLANG_WARN_ENUM_CONVERSION = YES;
				CLANG_WARN_INT_CONVERSION = YES;
				CLANG_WARN_OBJC_ROOT_CLASS = YES_ERROR;
				CLANG_WARN_UNREACHABLE_CODE = YES;
				CLANG_WARN__DUPLICATE_METHOD_MATCH = YES;
				"CODE_SIGN_IDENTITY[sdk=iphoneos*]" = "iPhone Developer";
				COPY_PHASE_STRIP = NO;
				DEBUG_INFORMATION_FORMAT = "dwarf-with-dsym";
				ENABLE_NS_ASSERTIONS = NO;
				ENABLE_STRICT_OBJC_MSGSEND = YES;
				GCC_C_LANGUAGE_STANDARD = gnu99;
				GCC_NO_COMMON_BLOCKS = YES;
				GCC_WARN_64_TO_32_BIT_CONVERSION = YES;
				GCC_WARN_ABOUT_RETURN_TYPE = YES_ERROR;
				GCC_WARN_UNDECLARED_SELECTOR = YES;
				GCC_WARN_UNINITIALIZED_AUTOS = YES_AGGRESSIVE;
				GCC_WARN_UNUSED_FUNCTION = YES;
				GCC_WARN_UNUSED_VARIABLE = YES;
				IPHONEOS_DEPLOYMENT_TARGET = 8.4;
				MTL_ENABLE_DEBUG_INFO = NO;
				SDKROOT = iphoneos;
				VALIDATE_PRODUCT = YES;
			};
			name = Release;
		};
		0AA1B70E1CB6D83D00A594E1 /* Debug */ = {
			isa = XCBuildConfiguration;
			baseConfigurationReference = 3BF2BE9630EE44D2E6CC675F /* Pods-Beast.debug.xcconfig */;
			buildSettings = {
				ASSETCATALOG_COMPILER_APPICON_NAME = AppIcon;
				CODE_SIGN_IDENTITY = "iPhone Developer";
				"CODE_SIGN_IDENTITY[sdk=iphoneos*]" = "iPhone Developer";
				FRAMEWORK_SEARCH_PATHS = (
					"$(inherited)",
					"$(PROJECT_DIR)/Beast",
				);
				HEADER_SEARCH_PATHS = (
					"$(inherited)",
					"${PODS_ROOT}/Firebase/Headers",
					"“${PODS_ROOT}/”/**",
					"$(inherited)",
					"\"${PODS_ROOT}/Headers/Public\"",
					"\"${PODS_ROOT}/Headers/Public/Firebase\"",
					"\"${PODS_ROOT}/Headers/Public/FirebaseAnalytics\"",
					"\"${PODS_ROOT}/Headers/Public/FirebaseInstanceID\"",
					"\"${PODS_ROOT}/Headers/Public/GoogleInterchangeUtilities\"",
					"\"${PODS_ROOT}/Headers/Public/GoogleSymbolUtilities\"",
					"\"${PODS_ROOT}/Headers/Public/GoogleUtilities\"",
				);
				INFOPLIST_FILE = Beast/Info.plist;
				LD_RUNPATH_SEARCH_PATHS = "$(inherited) @executable_path/Frameworks";
				PRODUCT_BUNDLE_IDENTIFIER = com.BeastApp.Beast;
				PRODUCT_NAME = "$(TARGET_NAME)";
				PROVISIONING_PROFILE = "";
			};
			name = Debug;
		};
		0AA1B70F1CB6D83D00A594E1 /* Release */ = {
			isa = XCBuildConfiguration;
			baseConfigurationReference = A6D2A6573F0E894B80CB1ADA /* Pods-Beast.release.xcconfig */;
			buildSettings = {
				ASSETCATALOG_COMPILER_APPICON_NAME = AppIcon;
				CODE_SIGN_IDENTITY = "iPhone Developer";
				"CODE_SIGN_IDENTITY[sdk=iphoneos*]" = "iPhone Developer";
				FRAMEWORK_SEARCH_PATHS = (
					"$(inherited)",
					"$(PROJECT_DIR)/Beast",
				);
				HEADER_SEARCH_PATHS = (
					"$(inherited)",
					"${PODS_ROOT}/Firebase/Headers",
					"“${PODS_ROOT}/”/**",
					"$(inherited)",
					"\"${PODS_ROOT}/Headers/Public\"",
					"\"${PODS_ROOT}/Headers/Public/Firebase\"",
					"\"${PODS_ROOT}/Headers/Public/FirebaseAnalytics\"",
					"\"${PODS_ROOT}/Headers/Public/FirebaseInstanceID\"",
					"\"${PODS_ROOT}/Headers/Public/GoogleInterchangeUtilities\"",
					"\"${PODS_ROOT}/Headers/Public/GoogleSymbolUtilities\"",
					"\"${PODS_ROOT}/Headers/Public/GoogleUtilities\"",
				);
				INFOPLIST_FILE = Beast/Info.plist;
				LD_RUNPATH_SEARCH_PATHS = "$(inherited) @executable_path/Frameworks";
				PRODUCT_BUNDLE_IDENTIFIER = com.BeastApp.Beast;
				PRODUCT_NAME = "$(TARGET_NAME)";
				PROVISIONING_PROFILE = "";
			};
			name = Release;
		};
		0AA1B7111CB6D83D00A594E1 /* Debug */ = {
			isa = XCBuildConfiguration;
			baseConfigurationReference = 1455833F491916DF93D2102D /* Pods-BeastTests.debug.xcconfig */;
			buildSettings = {
				BUNDLE_LOADER = "$(TEST_HOST)";
				FRAMEWORK_SEARCH_PATHS = "$(inherited)";
				GCC_PREPROCESSOR_DEFINITIONS = (
					"DEBUG=1",
					"$(inherited)",
				);
				INFOPLIST_FILE = BeastTests/Info.plist;
				LD_RUNPATH_SEARCH_PATHS = "$(inherited) @executable_path/Frameworks @loader_path/Frameworks";
				PRODUCT_BUNDLE_IDENTIFIER = "com.Beast.$(PRODUCT_NAME:rfc1034identifier)";
				PRODUCT_NAME = "$(TARGET_NAME)";
				TEST_HOST = "$(BUILT_PRODUCTS_DIR)/Beast.app/Beast";
			};
			name = Debug;
		};
		0AA1B7121CB6D83D00A594E1 /* Release */ = {
			isa = XCBuildConfiguration;
			baseConfigurationReference = 4A9718D382A97895E5DD3F32 /* Pods-BeastTests.release.xcconfig */;
			buildSettings = {
				BUNDLE_LOADER = "$(TEST_HOST)";
				FRAMEWORK_SEARCH_PATHS = "$(inherited)";
				INFOPLIST_FILE = BeastTests/Info.plist;
				LD_RUNPATH_SEARCH_PATHS = "$(inherited) @executable_path/Frameworks @loader_path/Frameworks";
				PRODUCT_BUNDLE_IDENTIFIER = "com.Beast.$(PRODUCT_NAME:rfc1034identifier)";
				PRODUCT_NAME = "$(TARGET_NAME)";
				TEST_HOST = "$(BUILT_PRODUCTS_DIR)/Beast.app/Beast";
			};
			name = Release;
		};
/* End XCBuildConfiguration section */

/* Begin XCConfigurationList section */
		0AA1B6E51CB6D83C00A594E1 /* Build configuration list for PBXProject "Beast" */ = {
			isa = XCConfigurationList;
			buildConfigurations = (
				0AA1B70B1CB6D83D00A594E1 /* Debug */,
				0AA1B70C1CB6D83D00A594E1 /* Release */,
			);
			defaultConfigurationIsVisible = 0;
			defaultConfigurationName = Release;
		};
		0AA1B70D1CB6D83D00A594E1 /* Build configuration list for PBXNativeTarget "Beast" */ = {
			isa = XCConfigurationList;
			buildConfigurations = (
				0AA1B70E1CB6D83D00A594E1 /* Debug */,
				0AA1B70F1CB6D83D00A594E1 /* Release */,
			);
			defaultConfigurationIsVisible = 0;
			defaultConfigurationName = Release;
		};
		0AA1B7101CB6D83D00A594E1 /* Build configuration list for PBXNativeTarget "BeastTests" */ = {
			isa = XCConfigurationList;
			buildConfigurations = (
				0AA1B7111CB6D83D00A594E1 /* Debug */,
				0AA1B7121CB6D83D00A594E1 /* Release */,
			);
			defaultConfigurationIsVisible = 0;
			defaultConfigurationName = Release;
		};
/* End XCConfigurationList section */
	};
	rootObject = 0AA1B6E21CB6D83C00A594E1 /* Project object */;
}
